
Microsoft Visual Studio Solution File, Format Version 12.00
# Visual Studio 15
VisualStudioVersion = 15.0.27428.2015
MinimumVisualStudioVersion = 10.0.40219.1
Project("{FAE04EC0-301F-11D3-BF4B-00C04F79EFBC}") = "SchoolManagements", "SchoolManagements\SchoolManagements.csproj", "{18C8C300-4557-4695-AC0C-ADB71F4BC56B}"
EndProject
Global
	GlobalSection(SolutionConfigurationPlatforms) = preSolution
		Debug|Any CPU = Debug|Any CPU
		Release|Any CPU = Release|Any CPU
	EndGlobalSection
	GlobalSection(ProjectConfigurationPlatforms) = postSolution
		{18C8C300-4557-4695-AC0C-ADB71F4BC56B}.Debug|Any CPU.ActiveCfg = Debug|Any CPU
		{18C8C300-4557-4695-AC0C-ADB71F4BC56B}.Debug|Any CPU.Build.0 = Debug|Any CPU
		{18C8C300-4557-4695-AC0C-ADB71F4BC56B}.Release|Any CPU.ActiveCfg = Release|Any CPU
		{18C8C300-4557-4695-AC0C-ADB71F4BC56B}.Release|Any CPU.Build.0 = Release|Any CPU
	EndGlobalSection
	GlobalSection(SolutionProperties) = preSolution
		HideSolutionNode = FALSE
	EndGlobalSection
	GlobalSection(ExtensibilityGlobals) = postSolution
		SolutionGuid = {814BE263-5D79-452F-9351-8E9482263B7C}
	EndGlobalSection
EndGlobal
